// !$*UTF8*$!
{
	archiveVersion = 1;
	classes = {
	};
	objectVersion = 56;
	objects = {

/* Begin PBXBuildFile section */
		1DEA52872AFF6911004171D7 /* AlamofireSampleApp.swift in Sources */ = {isa = PBXBuildFile; fileRef = 1DEA52862AFF6911004171D7 /* AlamofireSampleApp.swift */; };
		1DEA52892AFF6911004171D7 /* ContentView.swift in Sources */ = {isa = PBXBuildFile; fileRef = 1DEA52882AFF6911004171D7 /* ContentView.swift */; };
		1DEA528B2AFF6912004171D7 /* Assets.xcassets in Resources */ = {isa = PBXBuildFile; fileRef = 1DEA528A2AFF6912004171D7 /* Assets.xcassets */; };
		1DEA528E2AFF6912004171D7 /* Preview Assets.xcassets in Resources */ = {isa = PBXBuildFile; fileRef = 1DEA528D2AFF6912004171D7 /* Preview Assets.xcassets */; };
		1DEA52982AFF6912004171D7 /* AlamofireSampleTests.swift in Sources */ = {isa = PBXBuildFile; fileRef = 1DEA52972AFF6912004171D7 /* AlamofireSampleTests.swift */; };
		1DEA52A22AFF6912004171D7 /* AlamofireSampleUITests.swift in Sources */ = {isa = PBXBuildFile; fileRef = 1DEA52A12AFF6912004171D7 /* AlamofireSampleUITests.swift */; };
		1DEA52A42AFF6912004171D7 /* AlamofireSampleUITestsLaunchTests.swift in Sources */ = {isa = PBXBuildFile; fileRef = 1DEA52A32AFF6912004171D7 /* AlamofireSampleUITestsLaunchTests.swift */; };
/* End PBXBuildFile section */

/* Begin PBXContainerItemProxy section */
		1DEA52942AFF6912004171D7 /* PBXContainerItemProxy */ = {
			isa = PBXContainerItemProxy;
			containerPortal = 1DEA527B2AFF6911004171D7 /* Project object */;
			proxyType = 1;
			remoteGlobalIDString = 1DEA52822AFF6911004171D7;
			remoteInfo = AlamofireSample;
		};
		1DEA529E2AFF6912004171D7 /* PBXContainerItemProxy */ = {
			isa = PBXContainerItemProxy;
			containerPortal = 1DEA527B2AFF6911004171D7 /* Project object */;
			proxyType = 1;
			remoteGlobalIDString = 1DEA52822AFF6911004171D7;
			remoteInfo = AlamofireSample;
		};
/* End PBXContainerItemProxy section */

/* Begin PBXFileReference section */
		1DEA52832AFF6911004171D7 /* AlamofireSample.app */ = {isa = PBXFileReference; explicitFileType = wrapper.application; includeInIndex = 0; path = AlamofireSample.app; sourceTree = BUILT_PRODUCTS_DIR; };
		1DEA52862AFF6911004171D7 /* AlamofireSampleApp.swift */ = {isa = PBXFileReference; lastKnownFileType = sourcecode.swift; path = AlamofireSampleApp.swift; sourceTree = "<group>"; };
		1DEA52882AFF6911004171D7 /* ContentView.swift */ = {isa = PBXFileReference; lastKnownFileType = sourcecode.swift; path = ContentView.swift; sourceTree = "<group>"; };
		1DEA528A2AFF6912004171D7 /* Assets.xcassets */ = {isa = PBXFileReference; lastKnownFileType = folder.assetcatalog; path = Assets.xcassets; sourceTree = "<group>"; };
		1DEA528D2AFF6912004171D7 /* Preview Assets.xcassets */ = {isa = PBXFileReference; lastKnownFileType = folder.assetcatalog; path = "Preview Assets.xcassets"; sourceTree = "<group>"; };
		1DEA52932AFF6912004171D7 /* AlamofireSampleTests.xctest */ = {isa = PBXFileReference; explicitFileType = wrapper.cfbundle; includeInIndex = 0; path = AlamofireSampleTests.xctest; sourceTree = BUILT_PRODUCTS_DIR; };
		1DEA52972AFF6912004171D7 /* AlamofireSampleTests.swift */ = {isa = PBXFileReference; lastKnownFileType = sourcecode.swift; path = AlamofireSampleTests.swift; sourceTree = "<group>"; };
		1DEA529D2AFF6912004171D7 /* AlamofireSampleUITests.xctest */ = {isa = PBXFileReference; explicitFileType = wrapper.cfbundle; includeInIndex = 0; path = AlamofireSampleUITests.xctest; sourceTree = BUILT_PRODUCTS_DIR; };
		1DEA52A12AFF6912004171D7 /* AlamofireSampleUITests.swift */ = {isa = PBXFileReference; lastKnownFileType = sourcecode.swift; path = AlamofireSampleUITests.swift; sourceTree = "<group>"; };
		1DEA52A32AFF6912004171D7 /* AlamofireSampleUITestsLaunchTests.swift */ = {isa = PBXFileReference; lastKnownFileType = sourcecode.swift; path = AlamofireSampleUITestsLaunchTests.swift; sourceTree = "<group>"; };
/* End PBXFileReference section */

/* Begin PBXFrameworksBuildPhase section */
		1DEA52802AFF6911004171D7 /* Frameworks */ = {
			isa = PBXFrameworksBuildPhase;
			buildActionMask = 2147483647;
			files = (
			);
			runOnlyForDeploymentPostprocessing = 0;
		};
		1DEA52902AFF6912004171D7 /* Frameworks */ = {
			isa = PBXFrameworksBuildPhase;
			buildActionMask = 2147483647;
			files = (
			);
			runOnlyForDeploymentPostprocessing = 0;
		};
		1DEA529A2AFF6912004171D7 /* Frameworks */ = {
			isa = PBXFrameworksBuildPhase;
			buildActionMask = 2147483647;
			files = (
			);
			runOnlyForDeploymentPostprocessing = 0;
		};
/* End PBXFrameworksBuildPhase section */

/* Begin PBXGroup section */
		1DEA527A2AFF6911004171D7 = {
			isa = PBXGroup;
			children = (
				1DEA52852AFF6911004171D7 /* AlamofireSample */,
				1DEA52962AFF6912004171D7 /* AlamofireSampleTests */,
				1DEA52A02AFF6912004171D7 /* AlamofireSampleUITests */,
				1DEA52842AFF6911004171D7 /* Products */,
			);
			sourceTree = "<group>";
		};
		1DEA52842AFF6911004171D7 /* Products */ = {
			isa = PBXGroup;
			children = (
				1DEA52832AFF6911004171D7 /* AlamofireSample.app */,
				1DEA52932AFF6912004171D7 /* AlamofireSampleTests.xctest */,
				1DEA529D2AFF6912004171D7 /* AlamofireSampleUITests.xctest */,
			);
			name = Products;
			sourceTree = "<group>";
		};
		1DEA52852AFF6911004171D7 /* AlamofireSample */ = {
			isa = PBXGroup;
			children = (
				1DEA52862AFF6911004171D7 /* AlamofireSampleApp.swift */,
				1DEA52882AFF6911004171D7 /* ContentView.swift */,
				1DEA528A2AFF6912004171D7 /* Assets.xcassets */,
				1DEA528C2AFF6912004171D7 /* Preview Content */,
			);
			path = AlamofireSample;
			sourceTree = "<group>";
		};
		1DEA528C2AFF6912004171D7 /* Preview Content */ = {
			isa = PBXGroup;
			children = (
				1DEA528D2AFF6912004171D7 /* Preview Assets.xcassets */,
			);
			path = "Preview Content";
			sourceTree = "<group>";
		};
		1DEA52962AFF6912004171D7 /* AlamofireSampleTests */ = {
			isa = PBXGroup;
			children = (
				1DEA52972AFF6912004171D7 /* AlamofireSampleTests.swift */,
			);
			path = AlamofireSampleTests;
			sourceTree = "<group>";
		};
		1DEA52A02AFF6912004171D7 /* AlamofireSampleUITests */ = {
			isa = PBXGroup;
			children = (
				1DEA52A12AFF6912004171D7 /* AlamofireSampleUITests.swift */,
				1DEA52A32AFF6912004171D7 /* AlamofireSampleUITestsLaunchTests.swift */,
			);
			path = AlamofireSampleUITests;
			sourceTree = "<group>";
		};
/* End PBXGroup section */

/* Begin PBXNativeTarget section */
		1DEA52822AFF6911004171D7 /* AlamofireSample */ = {
			isa = PBXNativeTarget;
			buildConfigurationList = 1DEA52A72AFF6912004171D7 /* Build configuration list for PBXNativeTarget "AlamofireSample" */;
			buildPhases = (
				1DEA527F2AFF6911004171D7 /* Sources */,
				1DEA52802AFF6911004171D7 /* Frameworks */,
				1DEA52812AFF6911004171D7 /* Resources */,
			);
			buildRules = (
			);
			dependencies = (
			);
			name = AlamofireSample;
			productName = AlamofireSample;
			productReference = 1DEA52832AFF6911004171D7 /* AlamofireSample.app */;
			productType = "com.apple.product-type.application";
		};
		1DEA52922AFF6912004171D7 /* AlamofireSampleTests */ = {
			isa = PBXNativeTarget;
			buildConfigurationList = 1DEA52AA2AFF6912004171D7 /* Build configuration list for PBXNativeTarget "AlamofireSampleTests" */;
			buildPhases = (
				1DEA528F2AFF6912004171D7 /* Sources */,
				1DEA52902AFF6912004171D7 /* Frameworks */,
				1DEA52912AFF6912004171D7 /* Resources */,
			);
			buildRules = (
			);
			dependencies = (
				1DEA52952AFF6912004171D7 /* PBXTargetDependency */,
			);
			name = AlamofireSampleTests;
			productName = AlamofireSampleTests;
			productReference = 1DEA52932AFF6912004171D7 /* AlamofireSampleTests.xctest */;
			productType = "com.apple.product-type.bundle.unit-test";
		};
		1DEA529C2AFF6912004171D7 /* AlamofireSampleUITests */ = {
			isa = PBXNativeTarget;
			buildConfigurationList = 1DEA52AD2AFF6912004171D7 /* Build configuration list for PBXNativeTarget "AlamofireSampleUITests" */;
			buildPhases = (
				1DEA52992AFF6912004171D7 /* Sources */,
				1DEA529A2AFF6912004171D7 /* Frameworks */,
				1DEA529B2AFF6912004171D7 /* Resources */,
			);
			buildRules = (
			);
			dependencies = (
				1DEA529F2AFF6912004171D7 /* PBXTargetDependency */,
			);
			name = AlamofireSampleUITests;
			productName = AlamofireSampleUITests;
			productReference = 1DEA529D2AFF6912004171D7 /* AlamofireSampleUITests.xctest */;
			productType = "com.apple.product-type.bundle.ui-testing";
		};
/* End PBXNativeTarget section */

/* Begin PBXProject section */
		1DEA527B2AFF6911004171D7 /* Project object */ = {
			isa = PBXProject;
			attributes = {
				BuildIndependentTargetsInParallel = 1;
				LastSwiftUpdateCheck = 1430;
				LastUpgradeCheck = 1430;
				TargetAttributes = {
					1DEA52822AFF6911004171D7 = {
						CreatedOnToolsVersion = 14.3.1;
					};
					1DEA52922AFF6912004171D7 = {
						CreatedOnToolsVersion = 14.3.1;
						TestTargetID = 1DEA52822AFF6911004171D7;
					};
					1DEA529C2AFF6912004171D7 = {
						CreatedOnToolsVersion = 14.3.1;
						TestTargetID = 1DEA52822AFF6911004171D7;
					};
				};
			};
			buildConfigurationList = 1DEA527E2AFF6911004171D7 /* Build configuration list for PBXProject "AlamofireSample" */;
			compatibilityVersion = "Xcode 14.0";
			developmentRegion = en;
			hasScannedForEncodings = 0;
			knownRegions = (
				en,
				Base,
			);
			mainGroup = 1DEA527A2AFF6911004171D7;
			productRefGroup = 1DEA52842AFF6911004171D7 /* Products */;
			projectDirPath = "";
			projectRoot = "";
			targets = (
				1DEA52822AFF6911004171D7 /* AlamofireSample */,
				1DEA52922AFF6912004171D7 /* AlamofireSampleTests */,
				1DEA529C2AFF6912004171D7 /* AlamofireSampleUITests */,
			);
		};
/* End PBXProject section */

/* Begin PBXResourcesBuildPhase section */
		1DEA52812AFF6911004171D7 /* Resources */ = {
			isa = PBXResourcesBuildPhase;
			buildActionMask = 2147483647;
			files = (
				1DEA528E2AFF6912004171D7 /* Preview Assets.xcassets in Resources */,
				1DEA528B2AFF6912004171D7 /* Assets.xcassets in Resources */,
			);
			runOnlyForDeploymentPostprocessing = 0;
		};
		1DEA52912AFF6912004171D7 /* Resources */ = {
			isa = PBXResourcesBuildPhase;
			buildActionMask = 2147483647;
			files = (
			);
			runOnlyForDeploymentPostprocessing = 0;
		};
		1DEA529B2AFF6912004171D7 /* Resources */ = {
			isa = PBXResourcesBuildPhase;
			buildActionMask = 2147483647;
			files = (
			);
			runOnlyForDeploymentPostprocessing = 0;
		};
/* End PBXResourcesBuildPhase section */

/* Begin PBXSourcesBuildPhase section */
		1DEA527F2AFF6911004171D7 /* Sources */ = {
			isa = PBXSourcesBuildPhase;
			buildActionMask = 2147483647;
			files = (
				1DEA52892AFF6911004171D7 /* ContentView.swift in Sources */,
				1DEA52872AFF6911004171D7 /* AlamofireSampleApp.swift in Sources */,
			);
			runOnlyForDeploymentPostprocessing = 0;
		};
		1DEA528F2AFF6912004171D7 /* Sources */ = {
			isa = PBXSourcesBuildPhase;
			buildActionMask = 2147483647;
			files = (
				1DEA52982AFF6912004171D7 /* AlamofireSampleTests.swift in Sources */,
			);
			runOnlyForDeploymentPostprocessing = 0;
		};
		1DEA52992AFF6912004171D7 /* Sources */ = {
			isa = PBXSourcesBuildPhase;
			buildActionMask = 2147483647;
			files = (
				1DEA52A22AFF6912004171D7 /* AlamofireSampleUITests.swift in Sources */,
				1DEA52A42AFF6912004171D7 /* AlamofireSampleUITestsLaunchTests.swift in Sources */,
			);
			runOnlyForDeploymentPostprocessing = 0;
		};
/* End PBXSourcesBuildPhase section */

/* Begin PBXTargetDependency section */
		1DEA52952AFF6912004171D7 /* PBXTargetDependency */ = {
			isa = PBXTargetDependency;
			target = 1DEA52822AFF6911004171D7 /* AlamofireSample */;
			targetProxy = 1DEA52942AFF6912004171D7 /* PBXContainerItemProxy */;
		};
		1DEA529F2AFF6912004171D7 /* PBXTargetDependency */ = {
			isa = PBXTargetDependency;
			target = 1DEA52822AFF6911004171D7 /* AlamofireSample */;
			targetProxy = 1DEA529E2AFF6912004171D7 /* PBXContainerItemProxy */;
		};
/* End PBXTargetDependency section */

/* Begin XCBuildConfiguration section */
		1DEA52A52AFF6912004171D7 /* Debug */ = {
			isa = XCBuildConfiguration;
			buildSettings = {
				ALWAYS_SEARCH_USER_PATHS = NO;
				CLANG_ANALYZER_NONNULL = YES;
				CLANG_ANALYZER_NUMBER_OBJECT_CONVERSION = YES_AGGRESSIVE;
				CLANG_CXX_LANGUAGE_STANDARD = "gnu++20";
				CLANG_ENABLE_MODULES = YES;
				CLANG_ENABLE_OBJC_ARC = YES;
				CLANG_ENABLE_OBJC_WEAK = YES;
				CLANG_WARN_BLOCK_CAPTURE_AUTORELEASING = YES;
				CLANG_WARN_BOOL_CONVERSION = YES;
				CLANG_WARN_COMMA = YES;
				CLANG_WARN_CONSTANT_CONVERSION = YES;
				CLANG_WARN_DEPRECATED_OBJC_IMPLEMENTATIONS = YES;
				CLANG_WARN_DIRECT_OBJC_ISA_USAGE = YES_ERROR;
				CLANG_WARN_DOCUMENTATION_COMMENTS = YES;
				CLANG_WARN_EMPTY_BODY = YES;
				CLANG_WARN_ENUM_CONVERSION = YES;
				CLANG_WARN_INFINITE_RECURSION = YES;
				CLANG_WARN_INT_CONVERSION = YES;
				CLANG_WARN_NON_LITERAL_NULL_CONVERSION = YES;
				CLANG_WARN_OBJC_IMPLICIT_RETAIN_SELF = YES;
				CLANG_WARN_OBJC_LITERAL_CONVERSION = YES;
				CLANG_WARN_OBJC_ROOT_CLASS = YES_ERROR;
				CLANG_WARN_QUOTED_INCLUDE_IN_FRAMEWORK_HEADER = YES;
				CLANG_WARN_RANGE_LOOP_ANALYSIS = YES;
				CLANG_WARN_STRICT_PROTOTYPES = YES;
				CLANG_WARN_SUSPICIOUS_MOVE = YES;
				CLANG_WARN_UNGUARDED_AVAILABILITY = YES_AGGRESSIVE;
				CLANG_WARN_UNREACHABLE_CODE = YES;
				CLANG_WARN__DUPLICATE_METHOD_MATCH = YES;
				COPY_PHASE_STRIP = NO;
				DEBUG_INFORMATION_FORMAT = dwarf;
				ENABLE_STRICT_OBJC_MSGSEND = YES;
				ENABLE_TESTABILITY = YES;
				GCC_C_LANGUAGE_STANDARD = gnu11;
				GCC_DYNAMIC_NO_PIC = NO;
				GCC_NO_COMMON_BLOCKS = YES;
				GCC_OPTIMIZATION_LEVEL = 0;
				GCC_PREPROCESSOR_DEFINITIONS = (
					"DEBUG=1",
					"$(inherited)",
				);
				GCC_WARN_64_TO_32_BIT_CONVERSION = YES;
				GCC_WARN_ABOUT_RETURN_TYPE = YES_ERROR;
				GCC_WARN_UNDECLARED_SELECTOR = YES;
				GCC_WARN_UNINITIALIZED_AUTOS = YES_AGGRESSIVE;
				GCC_WARN_UNUSED_FUNCTION = YES;
				GCC_WARN_UNUSED_VARIABLE = YES;
				IPHONEOS_DEPLOYMENT_TARGET = 16.4;
				MTL_ENABLE_DEBUG_INFO = INCLUDE_SOURCE;
				MTL_FAST_MATH = YES;
				ONLY_ACTIVE_ARCH = YES;
				SDKROOT = iphoneos;
				SWIFT_ACTIVE_COMPILATION_CONDITIONS = DEBUG;
				SWIFT_OPTIMIZATION_LEVEL = "-Onone";
			};
			name = Debug;
		};
		1DEA52A62AFF6912004171D7 /* Release */ = {
			isa = XCBuildConfiguration;
			buildSettings = {
				ALWAYS_SEARCH_USER_PATHS = NO;
				CLANG_ANALYZER_NONNULL = YES;
				CLANG_ANALYZER_NUMBER_OBJECT_CONVERSION = YES_AGGRESSIVE;
				CLANG_CXX_LANGUAGE_STANDARD = "gnu++20";
				CLANG_ENABLE_MODULES = YES;
				CLANG_ENABLE_OBJC_ARC = YES;
				CLANG_ENABLE_OBJC_WEAK = YES;
				CLANG_WARN_BLOCK_CAPTURE_AUTORELEASING = YES;
				CLANG_WARN_BOOL_CONVERSION = YES;
				CLANG_WARN_COMMA = YES;
				CLANG_WARN_CONSTANT_CONVERSION = YES;
				CLANG_WARN_DEPRECATED_OBJC_IMPLEMENTATIONS = YES;
				CLANG_WARN_DIRECT_OBJC_ISA_USAGE = YES_ERROR;
				CLANG_WARN_DOCUMENTATION_COMMENTS = YES;
				CLANG_WARN_EMPTY_BODY = YES;
				CLANG_WARN_ENUM_CONVERSION = YES;
				CLANG_WARN_INFINITE_RECURSION = YES;
				CLANG_WARN_INT_CONVERSION = YES;
				CLANG_WARN_NON_LITERAL_NULL_CONVERSION = YES;
				CLANG_WARN_OBJC_IMPLICIT_RETAIN_SELF = YES;
				CLANG_WARN_OBJC_LITERAL_CONVERSION = YES;
				CLANG_WARN_OBJC_ROOT_CLASS = YES_ERROR;
				CLANG_WARN_QUOTED_INCLUDE_IN_FRAMEWORK_HEADER = YES;
				CLANG_WARN_RANGE_LOOP_ANALYSIS = YES;
				CLANG_WARN_STRICT_PROTOTYPES = YES;
				CLANG_WARN_SUSPICIOUS_MOVE = YES;
				CLANG_WARN_UNGUARDED_AVAILABILITY = YES_AGGRESSIVE;
				CLANG_WARN_UNREACHABLE_CODE = YES;
				CLANG_WARN__DUPLICATE_METHOD_MATCH = YES;
				COPY_PHASE_STRIP = NO;
				DEBUG_INFORMATION_FORMAT = "dwarf-with-dsym";
				ENABLE_NS_ASSERTIONS = NO;
				ENABLE_STRICT_OBJC_MSGSEND = YES;
				GCC_C_LANGUAGE_STANDARD = gnu11;
				GCC_NO_COMMON_BLOCKS = YES;
				GCC_WARN_64_TO_32_BIT_CONVERSION = YES;
				GCC_WARN_ABOUT_RETURN_TYPE = YES_ERROR;
				GCC_WARN_UNDECLARED_SELECTOR = YES;
				GCC_WARN_UNINITIALIZED_AUTOS = YES_AGGRESSIVE;
				GCC_WARN_UNUSED_FUNCTION = YES;
				GCC_WARN_UNUSED_VARIABLE = YES;
				IPHONEOS_DEPLOYMENT_TARGET = 16.4;
				MTL_ENABLE_DEBUG_INFO = NO;
				MTL_FAST_MATH = YES;
				SDKROOT = iphoneos;
				SWIFT_COMPILATION_MODE = wholemodule;
				SWIFT_OPTIMIZATION_LEVEL = "-O";
				VALIDATE_PRODUCT = YES;
			};
			name = Release;
		};
		1DEA52A82AFF6912004171D7 /* Debug */ = {
			isa = XCBuildConfiguration;
			buildSettings = {
				ASSETCATALOG_COMPILER_APPICON_NAME = AppIcon;
				ASSETCATALOG_COMPILER_GLOBAL_ACCENT_COLOR_NAME = AccentColor;
				CODE_SIGN_STYLE = Automatic;
				CURRENT_PROJECT_VERSION = 1;
				DEVELOPMENT_ASSET_PATHS = "\"AlamofireSample/Preview Content\"";
				ENABLE_PREVIEWS = YES;
				GENERATE_INFOPLIST_FILE = YES;
				INFOPLIST_KEY_UIApplicationSceneManifest_Generation = YES;
				INFOPLIST_KEY_UIApplicationSupportsIndirectInputEvents = YES;
				INFOPLIST_KEY_UILaunchScreen_Generation = YES;
				INFOPLIST_KEY_UISupportedInterfaceOrientations_iPad = "UIInterfaceOrientationPortrait UIInterfaceOrientationPortraitUpsideDown UIInterfaceOrientationLandscapeLeft UIInterfaceOrientationLandscapeRight";
				INFOPLIST_KEY_UISupportedInterfaceOrientations_iPhone = "UIInterfaceOrientationPortrait UIInterfaceOrientationLandscapeLeft UIInterfaceOrientationLandscapeRight";
				LD_RUNPATH_SEARCH_PATHS = (
					"$(inherited)",
					"@executable_path/Frameworks",
				);
				MARKETING_VERSION = 1.0;
				PRODUCT_BUNDLE_IDENTIFIER = com.SpotifyTemplate.AlamofireSample;
				PRODUCT_NAME = "$(TARGET_NAME)";
				SWIFT_EMIT_LOC_STRINGS = YES;
				SWIFT_VERSION = 5.0;
				TARGETED_DEVICE_FAMILY = "1,2";
			};
			name = Debug;
		};
		1DEA52A92AFF6912004171D7 /* Release */ = {
			isa = XCBuildConfiguration;
			buildSettings = {
				ASSETCATALOG_COMPILER_APPICON_NAME = AppIcon;
				ASSETCATALOG_COMPILER_GLOBAL_ACCENT_COLOR_NAME = AccentColor;
				CODE_SIGN_STYLE = Automatic;
				CURRENT_PROJECT_VERSION = 1;
				DEVELOPMENT_ASSET_PATHS = "\"AlamofireSample/Preview Content\"";
				ENABLE_PREVIEWS = YES;
				GENERATE_INFOPLIST_FILE = YES;
				INFOPLIST_KEY_UIApplicationSceneManifest_Generation = YES;
				INFOPLIST_KEY_UIApplicationSupportsIndirectInputEvents = YES;
				INFOPLIST_KEY_UILaunchScreen_Generation = YES;
				INFOPLIST_KEY_UISupportedInterfaceOrientations_iPad = "UIInterfaceOrientationPortrait UIInterfaceOrientationPortraitUpsideDown UIInterfaceOrientationLandscapeLeft UIInterfaceOrientationLandscapeRight";
				INFOPLIST_KEY_UISupportedInterfaceOrientations_iPhone = "UIInterfaceOrientationPortrait UIInterfaceOrientationLandscapeLeft UIInterfaceOrientationLandscapeRight";
				LD_RUNPATH_SEARCH_PATHS = (
					"$(inherited)",
					"@executable_path/Frameworks",
				);
				MARKETING_VERSION = 1.0;
				PRODUCT_BUNDLE_IDENTIFIER = com.SpotifyTemplate.AlamofireSample;
				PRODUCT_NAME = "$(TARGET_NAME)";
				SWIFT_EMIT_LOC_STRINGS = YES;
				SWIFT_VERSION = 5.0;
				TARGETED_DEVICE_FAMILY = "1,2";
			};
			name = Release;
		};
		1DEA52AB2AFF6912004171D7 /* Debug */ = {
			isa = XCBuildConfiguration;
			buildSettings = {
				ALWAYS_EMBED_SWIFT_STANDARD_LIBRARIES = YES;
				BUNDLE_LOADER = "$(TEST_HOST)";
				CODE_SIGN_STYLE = Automatic;
				CURRENT_PROJECT_VERSION = 1;
				GENERATE_INFOPLIST_FILE = YES;
				IPHONEOS_DEPLOYMENT_TARGET = 16.4;
				MARKETING_VERSION = 1.0;
				PRODUCT_BUNDLE_IDENTIFIER = com.SpotifyTemplate.AlamofireSampleTests;
				PRODUCT_NAME = "$(TARGET_NAME)";
				SWIFT_EMIT_LOC_STRINGS = NO;
				SWIFT_VERSION = 5.0;
				TARGETED_DEVICE_FAMILY = "1,2";
				TEST_HOST = "$(BUILT_PRODUCTS_DIR)/AlamofireSample.app/$(BUNDLE_EXECUTABLE_FOLDER_PATH)/AlamofireSample";
			};
			name = Debug;
		};
		1DEA52AC2AFF6912004171D7 /* Release */ = {
			isa = XCBuildConfiguration;
			buildSettings = {
				ALWAYS_EMBED_SWIFT_STANDARD_LIBRARIES = YES;
				BUNDLE_LOADER = "$(TEST_HOST)";
				CODE_SIGN_STYLE = Automatic;
				CURRENT_PROJECT_VERSION = 1;
				GENERATE_INFOPLIST_FILE = YES;
				IPHONEOS_DEPLOYMENT_TARGET = 16.4;
				MARKETING_VERSION = 1.0;
				PRODUCT_BUNDLE_IDENTIFIER = com.SpotifyTemplate.AlamofireSampleTests;
				PRODUCT_NAME = "$(TARGET_NAME)";
				SWIFT_EMIT_LOC_STRINGS = NO;
				SWIFT_VERSION = 5.0;
				TARGETED_DEVICE_FAMILY = "1,2";
				TEST_HOST = "$(BUILT_PRODUCTS_DIR)/AlamofireSample.app/$(BUNDLE_EXECUTABLE_FOLDER_PATH)/AlamofireSample";
			};
			name = Release;
		};
		1DEA52AE2AFF6912004171D7 /* Debug */ = {
			isa = XCBuildConfiguration;
			buildSettings = {
				ALWAYS_EMBED_SWIFT_STANDARD_LIBRARIES = YES;
				CODE_SIGN_STYLE = Automatic;
				CURRENT_PROJECT_VERSION = 1;
				GENERATE_INFOPLIST_FILE = YES;
				MARKETING_VERSION = 1.0;
				PRODUCT_BUNDLE_IDENTIFIER = com.SpotifyTemplate.AlamofireSampleUITests;
				PRODUCT_NAME = "$(TARGET_NAME)";
				SWIFT_EMIT_LOC_STRINGS = NO;
				SWIFT_VERSION = 5.0;
				TARGETED_DEVICE_FAMILY = "1,2";
				TEST_TARGET_NAME = AlamofireSample;
			};
			name = Debug;
		};
		1DEA52AF2AFF6912004171D7 /* Release */ = {
			isa = XCBuildConfiguration;
			buildSettings = {
				ALWAYS_EMBED_SWIFT_STANDARD_LIBRARIES = YES;
				CODE_SIGN_STYLE = Automatic;
				CURRENT_PROJECT_VERSION = 1;
				GENERATE_INFOPLIST_FILE = YES;
				MARKETING_VERSION = 1.0;
				PRODUCT_BUNDLE_IDENTIFIER = com.SpotifyTemplate.AlamofireSampleUITests;
				PRODUCT_NAME = "$(TARGET_NAME)";
				SWIFT_EMIT_LOC_STRINGS = NO;
				SWIFT_VERSION = 5.0;
				TARGETED_DEVICE_FAMILY = "1,2";
				TEST_TARGET_NAME = AlamofireSample;
			};
			name = Release;
		};
/* End XCBuildConfiguration section */

/* Begin XCConfigurationList section */
		1DEA527E2AFF6911004171D7 /* Build configuration list for PBXProject "AlamofireSample" */ = {
			isa = XCConfigurationList;
			buildConfigurations = (
				1DEA52A52AFF6912004171D7 /* Debug */,
				1DEA52A62AFF6912004171D7 /* Release */,
			);
			defaultConfigurationIsVisible = 0;
			defaultConfigurationName = Release;
		};
		1DEA52A72AFF6912004171D7 /* Build configuration list for PBXNativeTarget "AlamofireSample" */ = {
			isa = XCConfigurationList;
			buildConfigurations = (
				1DEA52A82AFF6912004171D7 /* Debug */,
				1DEA52A92AFF6912004171D7 /* Release */,
			);
			defaultConfigurationIsVisible = 0;
			defaultConfigurationName = Release;
		};
		1DEA52AA2AFF6912004171D7 /* Build configuration list for PBXNativeTarget "AlamofireSampleTests" */ = {
			isa = XCConfigurationList;
			buildConfigurations = (
				1DEA52AB2AFF6912004171D7 /* Debug */,
				1DEA52AC2AFF6912004171D7 /* Release */,
			);
			defaultConfigurationIsVisible = 0;
			defaultConfigurationName = Release;
		};
		1DEA52AD2AFF6912004171D7 /* Build configuration list for PBXNativeTarget "AlamofireSampleUITests" */ = {
			isa = XCConfigurationList;
			buildConfigurations = (
				1DEA52AE2AFF6912004171D7 /* Debug */,
				1DEA52AF2AFF6912004171D7 /* Release */,
			);
			defaultConfigurationIsVisible = 0;
			defaultConfigurationName = Release;
		};
/* End XCConfigurationList section */
	};
	rootObject = 1DEA527B2AFF6911004171D7 /* Project object */;
}
